Microsoft Visual Studio Solution File, Format Version 11.00
# Visual Studio 2008

Project("{13E08ED8-FA40-7E67-53E1-16307739FF0D}") = "AbgymnicFit", "Assembly-CSharp-firstpass.csproj", "{94837106-2026-18B8-FAD8-634321E87055}"
EndProject
Project("{13E08ED8-FA40-7E67-53E1-16307739FF0D}") = "AbgymnicFit", "Assembly-CSharp.csproj", "{041065F0-EE59-80EC-0E82-9E49302DDF8E}"
EndProject
Project("{13E08ED8-FA40-7E67-53E1-16307739FF0D}") = "AbgymnicFit", "Assembly-CSharp-Editor.csproj", "{0ADDE47C-352E-8F93-4DB9-7470FC0B8418}"
EndProject
Project("{13E08ED8-FA40-7E67-53E1-16307739FF0D}") = "AbgymnicFit", "Assembly-UnityScript-firstpass.unityproj", "{0B626923-4FB8-9E9E-AB06-44EEE0418B87}"
EndProject
Project("{13E08ED8-FA40-7E67-53E1-16307739FF0D}") = "AbgymnicFit", "Assembly-UnityScript.unityproj", "{8213C864-6EFC-B08F-A864-5EB9D870C349}"
EndProject
Project("{13E08ED8-FA40-7E67-53E1-16307739FF0D}") = "AbgymnicFit", "Assembly-UnityScript-Editor.unityproj", "{61982F48-8B63-E2CC-6FC1-32B13C88C2CE}"
EndProject
Global
	GlobalSection(SolutionConfigurationPlatforms) = preSolution
		Debug|Any CPU = Debug|Any CPU
		Release|Any CPU = Release|Any CPU
	EndGlobalSection
	GlobalSection(ProjectConfigurationPlatforms) = postSolution
		{94837106-2026-18B8-FAD8-634321E87055}.Debug|Any CPU.ActiveCfg = Debug|Any CPU
		{94837106-2026-18B8-FAD8-634321E87055}.Debug|Any CPU.Build.0 = Debug|Any CPU
		{94837106-2026-18B8-FAD8-634321E87055}.Release|Any CPU.ActiveCfg = Release|Any CPU
		{94837106-2026-18B8-FAD8-634321E87055}.Release|Any CPU.Build.0 = Release|Any CPU
		{041065F0-EE59-80EC-0E82-9E49302DDF8E}.Debug|Any CPU.ActiveCfg = Debug|Any CPU
		{041065F0-EE59-80EC-0E82-9E49302DDF8E}.Debug|Any CPU.Build.0 = Debug|Any CPU
		{041065F0-EE59-80EC-0E82-9E49302DDF8E}.Release|Any CPU.ActiveCfg = Release|Any CPU
		{041065F0-EE59-80EC-0E82-9E49302DDF8E}.Release|Any CPU.Build.0 = Release|Any CPU
		{0ADDE47C-352E-8F93-4DB9-7470FC0B8418}.Debug|Any CPU.ActiveCfg = Debug|Any CPU
		{0ADDE47C-352E-8F93-4DB9-7470FC0B8418}.Debug|Any CPU.Build.0 = Debug|Any CPU
		{0ADDE47C-352E-8F93-4DB9-7470FC0B8418}.Release|Any CPU.ActiveCfg = Release|Any CPU
		{0ADDE47C-352E-8F93-4DB9-7470FC0B8418}.Release|Any CPU.Build.0 = Release|Any CPU
		{0B626923-4FB8-9E9E-AB06-44EEE0418B87}.Debug|Any CPU.ActiveCfg = Debug|Any CPU
		{0B626923-4FB8-9E9E-AB06-44EEE0418B87}.Debug|Any CPU.Build.0 = Debug|Any CPU
		{0B626923-4FB8-9E9E-AB06-44EEE0418B87}.Release|Any CPU.ActiveCfg = Release|Any CPU
		{0B626923-4FB8-9E9E-AB06-44EEE0418B87}.Release|Any CPU.Build.0 = Release|Any CPU
		{8213C864-6EFC-B08F-A864-5EB9D870C349}.Debug|Any CPU.ActiveCfg = Debug|Any CPU
		{8213C864-6EFC-B08F-A864-5EB9D870C349}.Debug|Any CPU.Build.0 = Debug|Any CPU
		{8213C864-6EFC-B08F-A864-5EB9D870C349}.Release|Any CPU.ActiveCfg = Release|Any CPU
		{8213C864-6EFC-B08F-A864-5EB9D870C349}.Release|Any CPU.Build.0 = Release|Any CPU
		{61982F48-8B63-E2CC-6FC1-32B13C88C2CE}.Debug|Any CPU.ActiveCfg = Debug|Any CPU
		{61982F48-8B63-E2CC-6FC1-32B13C88C2CE}.Debug|Any CPU.Build.0 = Debug|Any CPU
		{61982F48-8B63-E2CC-6FC1-32B13C88C2CE}.Release|Any CPU.ActiveCfg = Release|Any CPU
		{61982F48-8B63-E2CC-6FC1-32B13C88C2CE}.Release|Any CPU.Build.0 = Release|Any CPU
	EndGlobalSection
	GlobalSection(SolutionProperties) = preSolution
		HideSolutionNode = FALSE
	EndGlobalSection
																																		GlobalSection(MonoDevelopProperties) = preSolution
		StartupItem = Assembly-CSharp.csproj
		Policies = $0
		$0.TextStylePolicy = $1
		$1.inheritsSet = null
		$1.scope = text/x-csharp
		$0.CSharpFormattingPolicy = $2
		$2.inheritsSet = Mono
		$2.inheritsScope = text/x-csharp
		$2.scope = text/x-csharp
		$0.TextStylePolicy = $3
		$3.FileWidth = 120
		$3.TabWidth = 4
		$3.EolMarker = Unix
		$3.inheritsSet = Mono
		$3.inheritsScope = text/plain
		$3.scope = text/plain
	EndGlobalSection

EndGlobal
